lockfileVersion: '6.0'

settings:
  autoInstallPeers: true
  excludeLinksFromLockfile: false

importers:

  .:
    dependencies:
      resolve:
        specifier: ^1.22.2
        version: registry.npmmirror.com/resolve@1.22.2

  packages/external:
    dependencies:
      tslib:
        specifier: ^2.6.1
        version: registry.npmmirror.com/tslib@2.6.1
    devDependencies:
      '@rollup/plugin-typescript':
        specifier: ^11.1.2
        version: registry.npmmirror.com/@rollup/plugin-typescript@11.1.2(rollup@3.27.0)(tslib@2.6.1)(typescript@4.8.3)
      '@types/node':
        specifier: ^20.4.5
        version: registry.npmmirror.com/@types/node@20.4.5
      rollup:
        specifier: ^3.2.3
        version: registry.npmmirror.com/rollup@3.27.0
      typescript:
        specifier: ^4.8.3
        version: registry.npmmirror.com/typescript@4.8.3

  packages/log-prefix:
    dependencies:
      tslib:
        specifier: ^2.6.1
        version: registry.npmmirror.com/tslib@2.6.1
    devDependencies:
      '@rollup/plugin-typescript':
        specifier: ^11.1.2
        version: registry.npmmirror.com/@rollup/plugin-typescript@11.1.2(rollup@3.27.0)(tslib@2.6.1)(typescript@4.8.3)
      '@types/node':
        specifier: ^20.4.5
        version: registry.npmmirror.com/@types/node@20.4.5
      rollup:
        specifier: ^3.2.3
        version: registry.npmmirror.com/rollup@3.27.0
      typescript:
        specifier: ^4.8.3
        version: registry.npmmirror.com/typescript@4.8.3

  packages/react-and-mdx:
    dependencies:
      tslib:
        specifier: ^2.6.1
        version: registry.npmmirror.com/tslib@2.6.1
    devDependencies:
      '@rollup/plugin-typescript':
        specifier: ^11.1.2
        version: registry.npmmirror.com/@rollup/plugin-typescript@11.1.2(rollup@3.27.0)(tslib@2.6.1)(typescript@4.8.3)
      '@types/node':
        specifier: ^20.4.5
        version: registry.npmmirror.com/@types/node@20.4.5
      rollup:
        specifier: ^3.2.3
        version: registry.npmmirror.com/rollup@3.27.0
      typescript:
        specifier: ^4.8.3
        version: registry.npmmirror.com/typescript@4.8.3

  playground/simple:
    devDependencies:
      '@rollup/plugin-typescript':
        specifier: ^11.1.2
        version: registry.npmmirror.com/@rollup/plugin-typescript@11.1.2(rollup@3.27.0)(tslib@2.6.1)(typescript@4.8.3)
      '@types/node':
        specifier: ^20.4.5
        version: registry.npmmirror.com/@types/node@20.4.5
      rollup:
        specifier: ^3.2.3
        version: registry.npmmirror.com/rollup@3.27.0
      rollup-plugin-external:
        specifier: workspace:*
        version: link:../../packages/external
      rollup-plugin-log-prefix:
        specifier: 'workspace: *'
        version: link:../../packages/log-prefix
      typescript:
        specifier: ^4.8.3
        version: registry.npmmirror.com/typescript@4.8.3

  playground/simple-ts:
    dependencies:
      '@blizzbolts/typus':
        specifier: ^0.1.0
        version: registry.npmmirror.com/@blizzbolts/typus@0.1.0
      jquery:
        specifier: ^3.7.0
        version: registry.npmmirror.com/jquery@3.7.0
      lodash:
        specifier: ^4.17.21
        version: registry.npmmirror.com/lodash@4.17.21
      lodash-es:
        specifier: ^4.17.21
        version: registry.npmmirror.com/lodash-es@4.17.21
      react:
        specifier: ^18.2.0
        version: registry.npmmirror.com/react@18.2.0
      tslib:
        specifier: ^2.6.1
        version: registry.npmmirror.com/tslib@2.6.1
    devDependencies:
      '@rollup/plugin-commonjs':
        specifier: ^25.0.3
        version: registry.npmmirror.com/@rollup/plugin-commonjs@25.0.3(rollup@3.27.0)
      '@rollup/plugin-node-resolve':
        specifier: ^15.1.0
        version: registry.npmmirror.com/@rollup/plugin-node-resolve@15.1.0(rollup@3.27.0)
      '@rollup/plugin-typescript':
        specifier: ^11.1.2
        version: registry.npmmirror.com/@rollup/plugin-typescript@11.1.2(rollup@3.27.0)(tslib@2.6.1)(typescript@4.8.3)
      '@types/jquery':
        specifier: ^3.5.16
        version: registry.npmmirror.com/@types/jquery@3.5.16
      '@types/lodash':
        specifier: ^4.14.196
        version: registry.npmmirror.com/@types/lodash@4.14.196
      '@types/lodash-es':
        specifier: ^4.17.8
        version: registry.npmmirror.com/@types/lodash-es@4.17.8
      '@types/node':
        specifier: ^20.4.5
        version: registry.npmmirror.com/@types/node@20.4.5
      rollup:
        specifier: ^3.2.3
        version: registry.npmmirror.com/rollup@3.27.0
      rollup-plugin-external:
        specifier: workspace:*
        version: link:../../packages/external
      rollup-plugin-log-prefix:
        specifier: 'workspace: *'
        version: link:../../packages/log-prefix
      typescript:
        specifier: ^4.8.3
        version: registry.npmmirror.com/typescript@4.8.3

  playground/with-react:
    dependencies:
      '@blizzbolts/typus':
        specifier: ^0.1.0
        version: registry.npmmirror.com/@blizzbolts/typus@0.1.0
      jquery:
        specifier: ^3.7.0
        version: registry.npmmirror.com/jquery@3.7.0
      lodash:
        specifier: ^4.17.21
        version: registry.npmmirror.com/lodash@4.17.21
      lodash-es:
        specifier: ^4.17.21
        version: registry.npmmirror.com/lodash-es@4.17.21
      react:
        specifier: ^18.2.0
        version: registry.npmmirror.com/react@18.2.0
      tslib:
        specifier: ^2.6.1
        version: registry.npmmirror.com/tslib@2.6.1
    devDependencies:
      '@rollup/plugin-commonjs':
        specifier: ^25.0.3
        version: registry.npmmirror.com/@rollup/plugin-commonjs@25.0.3(rollup@3.27.0)
      '@rollup/plugin-node-resolve':
        specifier: ^15.1.0
        version: registry.npmmirror.com/@rollup/plugin-node-resolve@15.1.0(rollup@3.27.0)
      '@rollup/plugin-typescript':
        specifier: ^11.1.2
        version: registry.npmmirror.com/@rollup/plugin-typescript@11.1.2(rollup@3.27.0)(tslib@2.6.1)(typescript@4.8.3)
      '@types/jquery':
        specifier: ^3.5.16
        version: registry.npmmirror.com/@types/jquery@3.5.16
      '@types/lodash':
        specifier: ^4.14.196
        version: registry.npmmirror.com/@types/lodash@4.14.196
      '@types/lodash-es':
        specifier: ^4.17.8
        version: registry.npmmirror.com/@types/lodash-es@4.17.8
      '@types/node':
        specifier: ^20.4.5
        version: registry.npmmirror.com/@types/node@20.4.5
      '@types/react':
        specifier: ^18.2.18
        version: registry.npmmirror.com/@types/react@18.2.18
      rollup:
        specifier: ^3.2.3
        version: registry.npmmirror.com/rollup@3.27.0
      rollup-plugin-external:
        specifier: workspace:*
        version: link:../../packages/external
      rollup-plugin-log-prefix:
        specifier: 'workspace: *'
        version: link:../../packages/log-prefix
      typescript:
        specifier: ^4.8.3
        version: registry.npmmirror.com/typescript@4.8.3

packages:

  registry.npmmirror.com/@blizzbolts/typus@0.1.0:
    resolution: {integrity: sha512-nHaz5FmoMKMa9AjVHYjL0lW4pUQMDdSDsy5qtqdG3D0KH6+uzgYHyiE1IgoAcLXE/DtDdtNcxilZREkT5r7fBA==, registry: https://registry.npm.taobao.org/, tarball: https://registry.npmmirror.com/@blizzbolts/typus/-/typus-0.1.0.tgz}
    name: '@blizzbolts/typus'
    version: 0.1.0
    engines: {node: '>=14'}
    dev: false

  registry.npmmirror.com/@jridgewell/sourcemap-codec@1.4.15:
    resolution: {integrity: sha512-eF2rxCRulEKXHTRiDrDy6erMYWqNw4LPdQ8UQA4huuxaQsVeRPFl2oM8oDGxMFhJUWZf9McpLtJasDDZb/Bpeg==, registry: https://registry.npm.taobao.org/, tarball: https://registry.npmmirror.com/@jridgewell/sourcemap-codec/-/sourcemap-codec-1.4.15.tgz}
    name: '@jridgewell/sourcemap-codec'
    version: 1.4.15
    dev: true

  registry.npmmirror.com/@rollup/plugin-commonjs@25.0.3(rollup@3.27.0):
    resolution: {integrity: sha512-uBdtWr/H3BVcgm97MUdq2oJmqBR23ny1hOrWe2PKo9FTbjsGqg32jfasJUKYAI5ouqacjRnj65mBB/S79F+GQA==, registry: https://registry.npm.taobao.org/, tarball: https://registry.npmmirror.com/@rollup/plugin-commonjs/-/plugin-commonjs-25.0.3.tgz}
    id: registry.npmmirror.com/@rollup/plugin-commonjs/25.0.3
    name: '@rollup/plugin-commonjs'
    version: 25.0.3
    engines: {node: '>=14.0.0'}
    peerDependencies:
      rollup: ^2.68.0||^3.0.0
    peerDependenciesMeta:
      rollup:
        optional: true
    dependencies:
      '@rollup/pluginutils': registry.npmmirror.com/@rollup/pluginutils@5.0.2(rollup@3.27.0)
      commondir: registry.npmmirror.com/commondir@1.0.1
      estree-walker: registry.npmmirror.com/estree-walker@2.0.2
      glob: registry.npmmirror.com/glob@8.1.0
      is-reference: registry.npmmirror.com/is-reference@1.2.1
      magic-string: registry.npmmirror.com/magic-string@0.27.0
      rollup: registry.npmmirror.com/rollup@3.27.0
    dev: true

  registry.npmmirror.com/@rollup/plugin-node-resolve@15.1.0(rollup@3.27.0):
    resolution: {integrity: sha512-xeZHCgsiZ9pzYVgAo9580eCGqwh/XCEUM9q6iQfGNocjgkufHAqC3exA+45URvhiYV8sBF9RlBai650eNs7AsA==, registry: https://registry.npm.taobao.org/, tarball: https://registry.npmmirror.com/@rollup/plugin-node-resolve/-/plugin-node-resolve-15.1.0.tgz}
    id: registry.npmmirror.com/@rollup/plugin-node-resolve/15.1.0
    name: '@rollup/plugin-node-resolve'
    version: 15.1.0
    engines: {node: '>=14.0.0'}
    peerDependencies:
      rollup: ^2.78.0||^3.0.0
    peerDependenciesMeta:
      rollup:
        optional: true
    dependencies:
      '@rollup/pluginutils': registry.npmmirror.com/@rollup/pluginutils@5.0.2(rollup@3.27.0)
      '@types/resolve': registry.npmmirror.com/@types/resolve@1.20.2
      deepmerge: registry.npmmirror.com/deepmerge@4.3.1
      is-builtin-module: registry.npmmirror.com/is-builtin-module@3.2.1
      is-module: registry.npmmirror.com/is-module@1.0.0
      resolve: registry.npmmirror.com/resolve@1.22.2
      rollup: registry.npmmirror.com/rollup@3.27.0
    dev: true

  registry.npmmirror.com/@rollup/plugin-typescript@11.1.2(rollup@3.27.0)(tslib@2.6.1)(typescript@4.8.3):
    resolution: {integrity: sha512-0ghSOCMcA7fl1JM+0gYRf+Q/HWyg+zg7/gDSc+fRLmlJWcW5K1I+CLRzaRhXf4Y3DRyPnnDo4M2ktw+a6JcDEg==, registry: https://registry.npm.taobao.org/, tarball: https://registry.npmmirror.com/@rollup/plugin-typescript/-/plugin-typescript-11.1.2.tgz}
    id: registry.npmmirror.com/@rollup/plugin-typescript/11.1.2
    name: '@rollup/plugin-typescript'
    version: 11.1.2
    engines: {node: '>=14.0.0'}
    peerDependencies:
      rollup: ^2.14.0||^3.0.0
      tslib: '*'
      typescript: '>=3.7.0'
    peerDependenciesMeta:
      rollup:
        optional: true
      tslib:
        optional: true
    dependencies:
      '@rollup/pluginutils': registry.npmmirror.com/@rollup/pluginutils@5.0.2(rollup@3.27.0)
      resolve: registry.npmmirror.com/resolve@1.22.2
      rollup: registry.npmmirror.com/rollup@3.27.0
      tslib: registry.npmmirror.com/tslib@2.6.1
      typescript: registry.npmmirror.com/typescript@4.8.3
    dev: true

  registry.npmmirror.com/@rollup/pluginutils@5.0.2(rollup@3.27.0):
    resolution: {integrity: sha512-pTd9rIsP92h+B6wWwFbW8RkZv4hiR/xKsqre4SIuAOaOEQRxi0lqLke9k2/7WegC85GgUs9pjmOjCUi3In4vwA==, registry: https://registry.npm.taobao.org/, tarball: https://registry.npmmirror.com/@rollup/pluginutils/-/pluginutils-5.0.2.tgz}
    id: registry.npmmirror.com/@rollup/pluginutils/5.0.2
    name: '@rollup/pluginutils'
    version: 5.0.2
    engines: {node: '>=14.0.0'}
    peerDependencies:
      rollup: ^1.20.0||^2.0.0||^3.0.0
    peerDependenciesMeta:
      rollup:
        optional: true
    dependencies:
      '@types/estree': registry.npmmirror.com/@types/estree@1.0.1
      estree-walker: registry.npmmirror.com/estree-walker@2.0.2
      picomatch: registry.npmmirror.com/picomatch@2.3.1
      rollup: registry.npmmirror.com/rollup@3.27.0
    dev: true

  registry.npmmirror.com/@types/estree@1.0.1:
    resolution: {integrity: sha512-LG4opVs2ANWZ1TJoKc937iMmNstM/d0ae1vNbnBvBhqCSezgVUOzcLCqbI5elV8Vy6WKwKjaqR+zO9VKirBBCA==, registry: https://registry.npm.taobao.org/, tarball: https://registry.npmmirror.com/@types/estree/-/estree-1.0.1.tgz}
    name: '@types/estree'
    version: 1.0.1
    dev: true

  registry.npmmirror.com/@types/jquery@3.5.16:
    resolution: {integrity: sha512-bsI7y4ZgeMkmpG9OM710RRzDFp+w4P1RGiIt30C1mSBT+ExCleeh4HObwgArnDFELmRrOpXgSYN9VF1hj+f1lw==, registry: https://registry.npm.taobao.org/, tarball: https://registry.npmmirror.com/@types/jquery/-/jquery-3.5.16.tgz}
    name: '@types/jquery'
    version: 3.5.16
    dependencies:
      '@types/sizzle': registry.npmmirror.com/@types/sizzle@2.3.3
    dev: true

  registry.npmmirror.com/@types/lodash-es@4.17.8:
    resolution: {integrity: sha512-euY3XQcZmIzSy7YH5+Unb3b2X12Wtk54YWINBvvGQ5SmMvwb11JQskGsfkH/5HXK77Kr8GF0wkVDIxzAisWtog==, registry: https://registry.npm.taobao.org/, tarball: https://registry.npmmirror.com/@types/lodash-es/-/lodash-es-4.17.8.tgz}
    name: '@types/lodash-es'
    version: 4.17.8
    dependencies:
      '@types/lodash': registry.npmmirror.com/@types/lodash@4.14.196
    dev: true

  registry.npmmirror.com/@types/lodash@4.14.196:
    resolution: {integrity: sha512-22y3o88f4a94mKljsZcanlNWPzO0uBsBdzLAngf2tp533LzZcQzb6+eZPJ+vCTt+bqF2XnvT9gejTLsAcJAJyQ==, registry: https://registry.npm.taobao.org/, tarball: https://registry.npmmirror.com/@types/lodash/-/lodash-4.14.196.tgz}
    name: '@types/lodash'
    version: 4.14.196
    dev: true

  registry.npmmirror.com/@types/node@20.4.5:
    resolution: {integrity: sha512-rt40Nk13II9JwQBdeYqmbn2Q6IVTA5uPhvSO+JVqdXw/6/4glI6oR9ezty/A9Hg5u7JH4OmYmuQ+XvjKm0Datg==, registry: https://registry.npm.taobao.org/, tarball: https://registry.npmmirror.com/@types/node/-/node-20.4.5.tgz}
    name: '@types/node'
    version: 20.4.5
    dev: true

  registry.npmmirror.com/@types/prop-types@15.7.5:
    resolution: {integrity: sha512-JCB8C6SnDoQf0cNycqd/35A7MjcnK+ZTqE7judS6o7utxUCg6imJg3QK2qzHKszlTjcj2cn+NwMB2i96ubpj7w==, registry: https://registry.npm.taobao.org/, tarball: https://registry.npmmirror.com/@types/prop-types/-/prop-types-15.7.5.tgz}
    name: '@types/prop-types'
    version: 15.7.5
    dev: true

  registry.npmmirror.com/@types/react@18.2.18:
    resolution: {integrity: sha512-da4NTSeBv/P34xoZPhtcLkmZuJ+oYaCxHmyHzwaDQo9RQPBeXV+06gEk2FpqEcsX9XrnNLvRpVh6bdavDSjtiQ==, registry: https://registry.npm.taobao.org/, tarball: https://registry.npmmirror.com/@types/react/-/react-18.2.18.tgz}
    name: '@types/react'
    version: 18.2.18
    dependencies:
      '@types/prop-types': registry.npmmirror.com/@types/prop-types@15.7.5
      '@types/scheduler': registry.npmmirror.com/@types/scheduler@0.16.3
      csstype: registry.npmmirror.com/csstype@3.1.2
    dev: true

  registry.npmmirror.com/@types/resolve@1.20.2:
    resolution: {integrity: sha512-60BCwRFOZCQhDncwQdxxeOEEkbc5dIMccYLwbxsS4TUNeVECQ/pBJ0j09mrHOl/JJvpRPGwO9SvE4nR2Nb/a4Q==, registry: https://registry.npm.taobao.org/, tarball: https://registry.npmmirror.com/@types/resolve/-/resolve-1.20.2.tgz}
    name: '@types/resolve'
    version: 1.20.2
    dev: true

  registry.npmmirror.com/@types/scheduler@0.16.3:
    resolution: {integrity: sha512-5cJ8CB4yAx7BH1oMvdU0Jh9lrEXyPkar6F9G/ERswkCuvP4KQZfZkSjcMbAICCpQTN4OuZn8tz0HiKv9TGZgrQ==, registry: https://registry.npm.taobao.org/, tarball: https://registry.npmmirror.com/@types/scheduler/-/scheduler-0.16.3.tgz}
    name: '@types/scheduler'
    version: 0.16.3
    dev: true

  registry.npmmirror.com/@types/sizzle@2.3.3:
    resolution: {integrity: sha512-JYM8x9EGF163bEyhdJBpR2QX1R5naCJHC8ucJylJ3w9/CVBaskdQ8WqBf8MmQrd1kRvp/a4TS8HJ+bxzR7ZJYQ==, registry: https://registry.npm.taobao.org/, tarball: https://registry.npmmirror.com/@types/sizzle/-/sizzle-2.3.3.tgz}
    name: '@types/sizzle'
    version: 2.3.3
    dev: true

  registry.npmmirror.com/balanced-match@1.0.2:
    resolution: {integrity: sha512-3oSeUO0TMV67hN1AmbXsK4yaqU7tjiHlbxRDZOpH0KW9+CeX4bRAaX0Anxt0tx2MrpRpWwQaPwIlISEJhYU5Pw==, registry: https://registry.npm.taobao.org/, tarball: https://registry.npmmirror.com/balanced-match/-/balanced-match-1.0.2.tgz}
    name: balanced-match
    version: 1.0.2
    dev: true

  registry.npmmirror.com/brace-expansion@2.0.1:
    resolution: {integrity: sha512-XnAIvQ8eM+kC6aULx6wuQiwVsnzsi9d3WxzV3FpWTGA19F621kwdbsAcFKXgKUHZWsy+mY6iL1sHTxWEFCytDA==, registry: https://registry.npm.taobao.org/, tarball: https://registry.npmmirror.com/brace-expansion/-/brace-expansion-2.0.1.tgz}
    name: brace-expansion
    version: 2.0.1
    dependencies:
      balanced-match: registry.npmmirror.com/balanced-match@1.0.2
    dev: true

  registry.npmmirror.com/builtin-modules@3.3.0:
    resolution: {integrity: sha512-zhaCDicdLuWN5UbN5IMnFqNMhNfo919sH85y2/ea+5Yg9TsTkeZxpL+JLbp6cgYFS4sRLp3YV4S6yDuqVWHYOw==, registry: https://registry.npm.taobao.org/, tarball: https://registry.npmmirror.com/builtin-modules/-/builtin-modules-3.3.0.tgz}
    name: builtin-modules
    version: 3.3.0
    engines: {node: '>=6'}
    dev: true

  registry.npmmirror.com/commondir@1.0.1:
    resolution: {integrity: sha512-W9pAhw0ja1Edb5GVdIF1mjZw/ASI0AlShXM83UUGe2DVr5TdAPEA1OA8m/g8zWp9x6On7gqufY+FatDbC3MDQg==, registry: https://registry.npm.taobao.org/, tarball: https://registry.npmmirror.com/commondir/-/commondir-1.0.1.tgz}
    name: commondir
    version: 1.0.1
    dev: true

  registry.npmmirror.com/csstype@3.1.2:
    resolution: {integrity: sha512-I7K1Uu0MBPzaFKg4nI5Q7Vs2t+3gWWW648spaF+Rg7pI9ds18Ugn+lvg4SHczUdKlHI5LWBXyqfS8+DufyBsgQ==, registry: https://registry.npm.taobao.org/, tarball: https://registry.npmmirror.com/csstype/-/csstype-3.1.2.tgz}
    name: csstype
    version: 3.1.2
    dev: true

  registry.npmmirror.com/deepmerge@4.3.1:
    resolution: {integrity: sha512-3sUqbMEc77XqpdNO7FRyRog+eW3ph+GYCbj+rK+uYyRMuwsVy0rMiVtPn+QJlKFvWP/1PYpapqYn0Me2knFn+A==, registry: https://registry.npm.taobao.org/, tarball: https://registry.npmmirror.com/deepmerge/-/deepmerge-4.3.1.tgz}
    name: deepmerge
    version: 4.3.1
    engines: {node: '>=0.10.0'}
    dev: true

  registry.npmmirror.com/estree-walker@2.0.2:
    resolution: {integrity: sha512-Rfkk/Mp/DL7JVje3u18FxFujQlTNR2q6QfMSMB7AvCBx91NGj/ba3kCfza0f6dVDbw7YlRf/nDrn7pQrCCyQ/w==, registry: https://registry.npm.taobao.org/, tarball: https://registry.npmmirror.com/estree-walker/-/estree-walker-2.0.2.tgz}
    name: estree-walker
    version: 2.0.2
    dev: true

  registry.npmmirror.com/fs.realpath@1.0.0:
    resolution: {integrity: sha512-OO0pH2lK6a0hZnAdau5ItzHPI6pUlvI7jMVnxUQRtw4owF2wk8lOSabtGDCTP4Ggrg2MbGnWO9X8K1t4+fGMDw==, registry: https://registry.npm.taobao.org/, tarball: https://registry.npmmirror.com/fs.realpath/-/fs.realpath-1.0.0.tgz}
    name: fs.realpath
    version: 1.0.0
    dev: true

  registry.npmmirror.com/fsevents@2.3.2:
    resolution: {integrity: sha512-xiqMQR4xAeHTuB9uWm+fFRcIOgKBMiOBP+eXiyT7jsgVCq1bkVygt00oASowB7EdtpOHaaPgKt812P9ab+DDKA==, registry: https://registry.npm.taobao.org/, tarball: https://registry.npmmirror.com/fsevents/-/fsevents-2.3.2.tgz}
    name: fsevents
    version: 2.3.2
    engines: {node: ^8.16.0 || ^10.6.0 || >=11.0.0}
    os: [darwin]
    requiresBuild: true
    dev: true
    optional: true

  registry.npmmirror.com/function-bind@1.1.1:
    resolution: {integrity: sha512-yIovAzMX49sF8Yl58fSCWJ5svSLuaibPxXQJFLmBObTuCr0Mf1KiPopGM9NiFjiYBCbfaa2Fh6breQ6ANVTI0A==, registry: https://registry.npm.taobao.org/, tarball: https://registry.npmmirror.com/function-bind/-/function-bind-1.1.1.tgz}
    name: function-bind
    version: 1.1.1

  registry.npmmirror.com/glob@8.1.0:
    resolution: {integrity: sha512-r8hpEjiQEYlF2QU0df3dS+nxxSIreXQS1qRhMJM0Q5NDdR386C7jb7Hwwod8Fgiuex+k0GFjgft18yvxm5XoCQ==, registry: https://registry.npm.taobao.org/, tarball: https://registry.npmmirror.com/glob/-/glob-8.1.0.tgz}
    name: glob
    version: 8.1.0
    engines: {node: '>=12'}
    dependencies:
      fs.realpath: registry.npmmirror.com/fs.realpath@1.0.0
      inflight: registry.npmmirror.com/inflight@1.0.6
      inherits: registry.npmmirror.com/inherits@2.0.4
      minimatch: registry.npmmirror.com/minimatch@5.1.6
      once: registry.npmmirror.com/once@1.4.0
    dev: true

  registry.npmmirror.com/has@1.0.3:
    resolution: {integrity: sha512-f2dvO0VU6Oej7RkWJGrehjbzMAjFp5/VKPp5tTpWIV4JHHZK1/BxbFRtf/siA2SWTe09caDmVtYYzWEIbBS4zw==, registry: https://registry.npm.taobao.org/, tarball: https://registry.npmmirror.com/has/-/has-1.0.3.tgz}
    name: has
    version: 1.0.3
    engines: {node: '>= 0.4.0'}
    dependencies:
      function-bind: registry.npmmirror.com/function-bind@1.1.1

  registry.npmmirror.com/inflight@1.0.6:
    resolution: {integrity: sha512-k92I/b08q4wvFscXCLvqfsHCrjrF7yiXsQuIVvVE7N82W3+aqpzuUdBbfhWcy/FZR3/4IgflMgKLOsvPDrGCJA==, registry: https://registry.npm.taobao.org/, tarball: https://registry.npmmirror.com/inflight/-/inflight-1.0.6.tgz}
    name: inflight
    version: 1.0.6
    dependencies:
      once: registry.npmmirror.com/once@1.4.0
      wrappy: registry.npmmirror.com/wrappy@1.0.2
    dev: true

  registry.npmmirror.com/inherits@2.0.4:
    resolution: {integrity: sha512-k/vGaX4/Yla3WzyMCvTQOXYeIHvqOKtnqBduzTHpzpQZzAskKMhZ2K+EnBiSM9zGSoIFeMpXKxa4dYeZIQqewQ==, registry: https://registry.npm.taobao.org/, tarball: https://registry.npmmirror.com/inherits/-/inherits-2.0.4.tgz}
    name: inherits
    version: 2.0.4
    dev: true

  registry.npmmirror.com/is-builtin-module@3.2.1:
    resolution: {integrity: sha512-BSLE3HnV2syZ0FK0iMA/yUGplUeMmNz4AW5fnTunbCIqZi4vG3WjJT9FHMy5D69xmAYBHXQhJdALdpwVxV501A==, registry: https://registry.npm.taobao.org/, tarball: https://registry.npmmirror.com/is-builtin-module/-/is-builtin-module-3.2.1.tgz}
    name: is-builtin-module
    version: 3.2.1
    engines: {node: '>=6'}
    dependencies:
      builtin-modules: registry.npmmirror.com/builtin-modules@3.3.0
    dev: true

  registry.npmmirror.com/is-core-module@2.12.1:
    resolution: {integrity: sha512-Q4ZuBAe2FUsKtyQJoQHlvP8OvBERxO3jEmy1I7hcRXcJBGGHFh/aJBswbXuS9sgrDH2QUO8ilkwNPHvHMd8clg==, registry: https://registry.npm.taobao.org/, tarball: https://registry.npmmirror.com/is-core-module/-/is-core-module-2.12.1.tgz}
    name: is-core-module
    version: 2.12.1
    dependencies:
      has: registry.npmmirror.com/has@1.0.3

  registry.npmmirror.com/is-module@1.0.0:
    resolution: {integrity: sha512-51ypPSPCoTEIN9dy5Oy+h4pShgJmPCygKfyRCISBI+JoWT/2oJvK8QPxmwv7b/p239jXrm9M1mlQbyKJ5A152g==, registry: https://registry.npm.taobao.org/, tarball: https://registry.npmmirror.com/is-module/-/is-module-1.0.0.tgz}
    name: is-module
    version: 1.0.0
    dev: true

  registry.npmmirror.com/is-reference@1.2.1:
    resolution: {integrity: sha512-U82MsXXiFIrjCK4otLT+o2NA2Cd2g5MLoOVXUZjIOhLurrRxpEXzI8O0KZHr3IjLvlAH1kTPYSuqer5T9ZVBKQ==, registry: https://registry.npm.taobao.org/, tarball: https://registry.npmmirror.com/is-reference/-/is-reference-1.2.1.tgz}
    name: is-reference
    version: 1.2.1
    dependencies:
      '@types/estree': registry.npmmirror.com/@types/estree@1.0.1
    dev: true

  registry.npmmirror.com/jquery@3.7.0:
    resolution: {integrity: sha512-umpJ0/k8X0MvD1ds0P9SfowREz2LenHsQaxSohMZ5OMNEU2r0tf8pdeEFTHMFxWVxKNyU9rTtK3CWzUCTKJUeQ==, registry: https://registry.npm.taobao.org/, tarball: https://registry.npmmirror.com/jquery/-/jquery-3.7.0.tgz}
    name: jquery
    version: 3.7.0
    dev: false

  registry.npmmirror.com/js-tokens@4.0.0:
    resolution: {integrity: sha512-RdJUflcE3cUzKiMqQgsCu06FPu9UdIJO0beYbPhHN4k6apgJtifcoCtT9bcxOpYBtpD2kCM6Sbzg4CausW/PKQ==, registry: https://registry.npm.taobao.org/, tarball: https://registry.npmmirror.com/js-tokens/-/js-tokens-4.0.0.tgz}
    name: js-tokens
    version: 4.0.0
    dev: false

  registry.npmmirror.com/lodash-es@4.17.21:
    resolution: {integrity: sha512-mKnC+QJ9pWVzv+C4/U3rRsHapFfHvQFoFB92e52xeyGMcX6/OlIl78je1u8vePzYZSkkogMPJ2yjxxsb89cxyw==, registry: https://registry.npm.taobao.org/, tarball: https://registry.npmmirror.com/lodash-es/-/lodash-es-4.17.21.tgz}
    name: lodash-es
    version: 4.17.21
    dev: false

  registry.npmmirror.com/lodash@4.17.21:
    resolution: {integrity: sha512-v2kDEe57lecTulaDIuNTPy3Ry4gLGJ6Z1O3vE1krgXZNrsQ+LFTGHVxVjcXPs17LhbZVGedAJv8XZ1tvj5FvSg==, registry: https://registry.npm.taobao.org/, tarball: https://registry.npmmirror.com/lodash/-/lodash-4.17.21.tgz}
    name: lodash
    version: 4.17.21
    dev: false

  registry.npmmirror.com/loose-envify@1.4.0:
    resolution: {integrity: sha512-lyuxPGr/Wfhrlem2CL/UcnUc1zcqKAImBDzukY7Y5F/yQiNdko6+fRLevlw1HgMySw7f611UIY408EtxRSoK3Q==, registry: https://registry.npm.taobao.org/, tarball: https://registry.npmmirror.com/loose-envify/-/loose-envify-1.4.0.tgz}
    name: loose-envify
    version: 1.4.0
    hasBin: true
    dependencies:
      js-tokens: registry.npmmirror.com/js-tokens@4.0.0
    dev: false

  registry.npmmirror.com/magic-string@0.27.0:
    resolution: {integrity: sha512-8UnnX2PeRAPZuN12svgR9j7M1uWMovg/CEnIwIG0LFkXSJJe4PdfUGiTGl8V9bsBHFUtfVINcSyYxd7q+kx9fA==, registry: https://registry.npm.taobao.org/, tarball: https://registry.npmmirror.com/magic-string/-/magic-string-0.27.0.tgz}
    name: magic-string
    version: 0.27.0
    engines: {node: '>=12'}
    dependencies:
      '@jridgewell/sourcemap-codec': registry.npmmirror.com/@jridgewell/sourcemap-codec@1.4.15
    dev: true

  registry.npmmirror.com/minimatch@5.1.6:
    resolution: {integrity: sha512-lKwV/1brpG6mBUFHtb7NUmtABCb2WZZmm2wNiOA5hAb8VdCS4B3dtMWyvcoViccwAW/COERjXLt0zP1zXUN26g==, registry: https://registry.npm.taobao.org/, tarball: https://registry.npmmirror.com/minimatch/-/minimatch-5.1.6.tgz}
    name: minimatch
    version: 5.1.6
    engines: {node: '>=10'}
    dependencies:
      brace-expansion: registry.npmmirror.com/brace-expansion@2.0.1
    dev: true

  registry.npmmirror.com/once@1.4.0:
    resolution: {integrity: sha512-lNaJgI+2Q5URQBkccEKHTQOPaXdUxnZZElQTZY0MFUAuaEqe1E+Nyvgdz/aIyNi6Z9MzO5dv1H8n58/GELp3+w==, registry: https://registry.npm.taobao.org/, tarball: https://registry.npmmirror.com/once/-/once-1.4.0.tgz}
    name: once
    version: 1.4.0
    dependencies:
      wrappy: registry.npmmirror.com/wrappy@1.0.2
    dev: true

  registry.npmmirror.com/path-parse@1.0.7:
    resolution: {integrity: sha512-LDJzPVEEEPR+y48z93A0Ed0yXb8pAByGWo/k5YYdYgpY2/2EsOsksJrq7lOHxryrVOn1ejG6oAp8ahvOIQD8sw==, registry: https://registry.npm.taobao.org/, tarball: https://registry.npmmirror.com/path-parse/-/path-parse-1.0.7.tgz}
    name: path-parse
    version: 1.0.7

  registry.npmmirror.com/picomatch@2.3.1:
    resolution: {integrity: sha512-JU3teHTNjmE2VCGFzuY8EXzCDVwEqB2a8fsIvwaStHhAWJEeVd1o1QD80CU6+ZdEXXSLbSsuLwJjkCBWqRQUVA==, registry: https://registry.npm.taobao.org/, tarball: https://registry.npmmirror.com/picomatch/-/picomatch-2.3.1.tgz}
    name: picomatch
    version: 2.3.1
    engines: {node: '>=8.6'}
    dev: true

  registry.npmmirror.com/react@18.2.0:
    resolution: {integrity: sha512-/3IjMdb2L9QbBdWiW5e3P2/npwMBaU9mHCSCUzNln0ZCYbcfTsGbTJrU/kGemdH2IWmB2ioZ+zkxtmq6g09fGQ==, registry: https://registry.npm.taobao.org/, tarball: https://registry.npmmirror.com/react/-/react-18.2.0.tgz}
    name: react
    version: 18.2.0
    engines: {node: '>=0.10.0'}
    dependencies:
      loose-envify: registry.npmmirror.com/loose-envify@1.4.0
    dev: false

  registry.npmmirror.com/resolve@1.22.2:
    resolution: {integrity: sha512-Sb+mjNHOULsBv818T40qSPeRiuWLyaGMa5ewydRLFimneixmVy2zdivRl+AF6jaYPC8ERxGDmFSiqui6SfPd+g==, registry: https://registry.npm.taobao.org/, tarball: https://registry.npmmirror.com/resolve/-/resolve-1.22.2.tgz}
    name: resolve
    version: 1.22.2
    hasBin: true
    dependencies:
      is-core-module: registry.npmmirror.com/is-core-module@2.12.1
      path-parse: registry.npmmirror.com/path-parse@1.0.7
      supports-preserve-symlinks-flag: registry.npmmirror.com/supports-preserve-symlinks-flag@1.0.0

  registry.npmmirror.com/rollup@3.27.0:
    resolution: {integrity: sha512-aOltLCrYZ0FhJDm7fCqwTjIUEVjWjcydKBV/Zeid6Mn8BWgDCUBBWT5beM5ieForYNo/1ZHuGJdka26kvQ3Gzg==, registry: https://registry.npm.taobao.org/, tarball: https://registry.npmmirror.com/rollup/-/rollup-3.27.0.tgz}
    name: rollup
    version: 3.27.0
    engines: {node: '>=14.18.0', npm: '>=8.0.0'}
    hasBin: true
    optionalDependencies:
      fsevents: registry.npmmirror.com/fsevents@2.3.2
    dev: true

  registry.npmmirror.com/supports-preserve-symlinks-flag@1.0.0:
    resolution: {integrity: sha512-ot0WnXS9fgdkgIcePe6RHNk1WA8+muPa6cSjeR3V8K27q9BB1rTE3R1p7Hv0z1ZyAc8s6Vvv8DIyWf681MAt0w==, registry: https://registry.npm.taobao.org/, tarball: https://registry.npmmirror.com/supports-preserve-symlinks-flag/-/supports-preserve-symlinks-flag-1.0.0.tgz}
    name: supports-preserve-symlinks-flag
    version: 1.0.0
    engines: {node: '>= 0.4'}

  registry.npmmirror.com/tslib@2.6.1:
    resolution: {integrity: sha512-t0hLfiEKfMUoqhG+U1oid7Pva4bbDPHYfJNiB7BiIjRkj1pyC++4N3huJfqY6aRH6VTB0rvtzQwjM4K6qpfOig==, registry: https://registry.npm.taobao.org/, tarball: https://registry.npmmirror.com/tslib/-/tslib-2.6.1.tgz}
    name: tslib
    version: 2.6.1

  registry.npmmirror.com/typescript@4.8.3:
    resolution: {integrity: sha512-goMHfm00nWPa8UvR/CPSvykqf6dVV8x/dp0c5mFTMTIu0u0FlGWRioyy7Nn0PGAdHxpJZnuO/ut+PpQ8UiHAig==, registry: https://registry.npm.taobao.org/, tarball: https://registry.npmmirror.com/typescript/-/typescript-4.8.3.tgz}
    name: typescript
    version: 4.8.3
    engines: {node: '>=4.2.0'}
    hasBin: true
    dev: true

  registry.npmmirror.com/wrappy@1.0.2:
    resolution: {integrity: sha512-l4Sp/DRseor9wL6EvV2+TuQn63dMkPjZ/sp9XkghTEbV9KlPS1xUsZ3u7/IQO4wxtcFB4bgpQPRcR3QCvezPcQ==, registry: https://registry.npm.taobao.org/, tarball: https://registry.npmmirror.com/wrappy/-/wrappy-1.0.2.tgz}
    name: wrappy
    version: 1.0.2
    dev: true
